
Microsoft Visual Studio Solution File, Format Version 12.00
# Visual Studio Version 17
VisualStudioVersion = 17.6.33717.318
MinimumVisualStudioVersion = 10.0.40219.1
Project("{FAE04EC0-301F-11D3-BF4B-00C04F79EFBC}") = "AutomationPipeline", "AutomationPipeline\AutomationPipeline.csproj", "{CE66D4EB-D8EF-47BD-A267-F4CDD30CAADF}"
EndProject
Global
	GlobalSection(SolutionConfigurationPlatforms) = preSolution
		Debug|Any CPU = Debug|Any CPU
		Release|Any CPU = Release|Any CPU
	EndGlobalSection
	GlobalSection(ProjectConfigurationPlatforms) = postSolution
		{CE66D4EB-D8EF-47BD-A267-F4CDD30CAADF}.Debug|Any CPU.ActiveCfg = Debug|Any CPU
		{CE66D4EB-D8EF-47BD-A267-F4CDD30CAADF}.Debug|Any CPU.Build.0 = Debug|Any CPU
		{CE66D4EB-D8EF-47BD-A267-F4CDD30CAADF}.Release|Any CPU.ActiveCfg = Release|Any CPU
		{CE66D4EB-D8EF-47BD-A267-F4CDD30CAADF}.Release|Any CPU.Build.0 = Release|Any CPU
	EndGlobalSection
	GlobalSection(SolutionProperties) = preSolution
		HideSolutionNode = FALSE
	EndGlobalSection
	GlobalSection(ExtensibilityGlobals) = postSolution
		SolutionGuid = {FF56CD81-D175-4086-A5B1-68320DA72BFB}
	EndGlobalSection
EndGlobal
